
Microsoft Visual Studio Solution File, Format Version 12.00
# Visual Studio 2013
VisualStudioVersion = 12.0.31101.0
MinimumVisualStudioVersion = 10.0.40219.1
Project("{F184B08F-C81C-45F6-A57F-5ABD9991F28F}") = "WriteSerialArduino", "WriteSerialArduino\WriteSerialArduino.vbproj", "{AA8A8D27-855D-42B2-B08E-E59C6DCE24C9}"
EndProject
Project("{F184B08F-C81C-45F6-A57F-5ABD9991F28F}") = "RacingMonitor", "RacingMonitor\RacingMonitor.vbproj", "{37A4AF87-3F7A-4CEE-963A-9F7F76BEA4EC}"
EndProject
Project("{FAE04EC0-301F-11D3-BF4B-00C04F79EFBC}") = "SharedClasses", "SharedClasses\SharedClasses.csproj", "{5F1FC0BB-F8CA-499B-A8E8-4B9A914D8ED1}"
EndProject
Project("{F184B08F-C81C-45F6-A57F-5ABD9991F28F}") = "WriteLedStripArduino", "WriteLedStripArduino\WriteLedStripArduino.vbproj", "{BCD0900C-EB70-49C0-ACE7-FE6041EDA73B}"
EndProject
Global
	GlobalSection(SolutionConfigurationPlatforms) = preSolution
		Debug|Any CPU = Debug|Any CPU
		Release|Any CPU = Release|Any CPU
	EndGlobalSection
	GlobalSection(ProjectConfigurationPlatforms) = postSolution
		{AA8A8D27-855D-42B2-B08E-E59C6DCE24C9}.Debug|Any CPU.ActiveCfg = Debug|Any CPU
		{AA8A8D27-855D-42B2-B08E-E59C6DCE24C9}.Debug|Any CPU.Build.0 = Debug|Any CPU
		{AA8A8D27-855D-42B2-B08E-E59C6DCE24C9}.Release|Any CPU.ActiveCfg = Release|Any CPU
		{AA8A8D27-855D-42B2-B08E-E59C6DCE24C9}.Release|Any CPU.Build.0 = Release|Any CPU
		{37A4AF87-3F7A-4CEE-963A-9F7F76BEA4EC}.Debug|Any CPU.ActiveCfg = Debug|Any CPU
		{37A4AF87-3F7A-4CEE-963A-9F7F76BEA4EC}.Debug|Any CPU.Build.0 = Debug|Any CPU
		{37A4AF87-3F7A-4CEE-963A-9F7F76BEA4EC}.Release|Any CPU.ActiveCfg = Release|Any CPU
		{37A4AF87-3F7A-4CEE-963A-9F7F76BEA4EC}.Release|Any CPU.Build.0 = Release|Any CPU
		{5F1FC0BB-F8CA-499B-A8E8-4B9A914D8ED1}.Debug|Any CPU.ActiveCfg = Debug|Any CPU
		{5F1FC0BB-F8CA-499B-A8E8-4B9A914D8ED1}.Debug|Any CPU.Build.0 = Debug|Any CPU
		{5F1FC0BB-F8CA-499B-A8E8-4B9A914D8ED1}.Release|Any CPU.ActiveCfg = Release|Any CPU
		{5F1FC0BB-F8CA-499B-A8E8-4B9A914D8ED1}.Release|Any CPU.Build.0 = Release|Any CPU
		{BCD0900C-EB70-49C0-ACE7-FE6041EDA73B}.Debug|Any CPU.ActiveCfg = Debug|Any CPU
		{BCD0900C-EB70-49C0-ACE7-FE6041EDA73B}.Debug|Any CPU.Build.0 = Debug|Any CPU
		{BCD0900C-EB70-49C0-ACE7-FE6041EDA73B}.Release|Any CPU.ActiveCfg = Release|Any CPU
		{BCD0900C-EB70-49C0-ACE7-FE6041EDA73B}.Release|Any CPU.Build.0 = Release|Any CPU
	EndGlobalSection
	GlobalSection(SolutionProperties) = preSolution
		HideSolutionNode = FALSE
	EndGlobalSection
EndGlobal
